// !$*UTF8*$!
{
	archiveVersion = 1;
	classes = {
	};
	objectVersion = 56;
	objects = {

/* Begin PBXBuildFile section */
		133055512A431CB900F8240D /* AppDelegate.swift in Sources */ = {isa = PBXBuildFile; fileRef = 133055502A431CB900F8240D /* AppDelegate.swift */; };
		133055532A431CB900F8240D /* SceneDelegate.swift in Sources */ = {isa = PBXBuildFile; fileRef = 133055522A431CB900F8240D /* SceneDelegate.swift */; };
		133055552A431CB900F8240D /* ViewController.swift in Sources */ = {isa = PBXBuildFile; fileRef = 133055542A431CB900F8240D /* ViewController.swift */; };
		1330555A2A431CBA00F8240D /* Assets.xcassets in Resources */ = {isa = PBXBuildFile; fileRef = 133055592A431CBA00F8240D /* Assets.xcassets */; };
		1330555D2A431CBA00F8240D /* LaunchScreen.storyboard in Resources */ = {isa = PBXBuildFile; fileRef = 1330555B2A431CBA00F8240D /* LaunchScreen.storyboard */; };
		133055662A4320E500F8240D /* Alamofire in Frameworks */ = {isa = PBXBuildFile; productRef = 133055652A4320E500F8240D /* Alamofire */; };
		133055682A4325C300F8240D /* HTTPClient.swift in Sources */ = {isa = PBXBuildFile; fileRef = 133055672A4325C300F8240D /* HTTPClient.swift */; };
		1330556B2A43282900F8240D /* LecturesEndPoints.swift in Sources */ = {isa = PBXBuildFile; fileRef = 1330556A2A43282900F8240D /* LecturesEndPoints.swift */; };
		1330556D2A4341CF00F8240D /* LecturesResponseModel.swift in Sources */ = {isa = PBXBuildFile; fileRef = 1330556C2A4341CF00F8240D /* LecturesResponseModel.swift */; };
		1330556F2A4343DD00F8240D /* LecturesService.swift in Sources */ = {isa = PBXBuildFile; fileRef = 1330556E2A4343DD00F8240D /* LecturesService.swift */; };
		133055892A44B30200F8240D /* WeekDayColumnTableView.swift in Sources */ = {isa = PBXBuildFile; fileRef = 133055882A44B30200F8240D /* WeekDayColumnTableView.swift */; };
		1330558B2A45297F00F8240D /* TimeScheduleCell.swift in Sources */ = {isa = PBXBuildFile; fileRef = 1330558A2A45297F00F8240D /* TimeScheduleCell.swift */; };
		1330558D2A4533B100F8240D /* TimeTableUIPropertyValues.swift in Sources */ = {isa = PBXBuildFile; fileRef = 1330558C2A4533B100F8240D /* TimeTableUIPropertyValues.swift */; };
		1330558F2A45493F00F8240D /* TimeTableView.swift in Sources */ = {isa = PBXBuildFile; fileRef = 1330558E2A45493F00F8240D /* TimeTableView.swift */; };
		133055912A45577B00F8240D /* WeekDayColumnCell.swift in Sources */ = {isa = PBXBuildFile; fileRef = 133055902A45577B00F8240D /* WeekDayColumnCell.swift */; };
		133055932A45976D00F8240D /* TimeIndexTableView.swift in Sources */ = {isa = PBXBuildFile; fileRef = 133055922A45976D00F8240D /* TimeIndexTableView.swift */; };
		133055952A459BD300F8240D /* TimeIndexCellCollectionViewCell.swift in Sources */ = {isa = PBXBuildFile; fileRef = 133055942A459BD300F8240D /* TimeIndexCellCollectionViewCell.swift */; };
		133055972A459C0A00F8240D /* Extensions+UIView.swift in Sources */ = {isa = PBXBuildFile; fileRef = 133055962A459C0A00F8240D /* Extensions+UIView.swift */; };
/* End PBXBuildFile section */

/* Begin PBXFileReference section */
		1330554D2A431CB900F8240D /* TimeTable.app */ = {isa = PBXFileReference; explicitFileType = wrapper.application; includeInIndex = 0; path = TimeTable.app; sourceTree = BUILT_PRODUCTS_DIR; };
		133055502A431CB900F8240D /* AppDelegate.swift */ = {isa = PBXFileReference; lastKnownFileType = sourcecode.swift; path = AppDelegate.swift; sourceTree = "<group>"; };
		133055522A431CB900F8240D /* SceneDelegate.swift */ = {isa = PBXFileReference; lastKnownFileType = sourcecode.swift; path = SceneDelegate.swift; sourceTree = "<group>"; };
		133055542A431CB900F8240D /* ViewController.swift */ = {isa = PBXFileReference; lastKnownFileType = sourcecode.swift; path = ViewController.swift; sourceTree = "<group>"; };
		133055592A431CBA00F8240D /* Assets.xcassets */ = {isa = PBXFileReference; lastKnownFileType = folder.assetcatalog; path = Assets.xcassets; sourceTree = "<group>"; };
		1330555C2A431CBA00F8240D /* Base */ = {isa = PBXFileReference; lastKnownFileType = file.storyboard; name = Base; path = Base.lproj/LaunchScreen.storyboard; sourceTree = "<group>"; };
		1330555E2A431CBA00F8240D /* Info.plist */ = {isa = PBXFileReference; lastKnownFileType = text.plist.xml; path = Info.plist; sourceTree = "<group>"; };
		133055672A4325C300F8240D /* HTTPClient.swift */ = {isa = PBXFileReference; lastKnownFileType = sourcecode.swift; path = HTTPClient.swift; sourceTree = "<group>"; };
		1330556A2A43282900F8240D /* LecturesEndPoints.swift */ = {isa = PBXFileReference; lastKnownFileType = sourcecode.swift; path = LecturesEndPoints.swift; sourceTree = "<group>"; };
		1330556C2A4341CF00F8240D /* LecturesResponseModel.swift */ = {isa = PBXFileReference; lastKnownFileType = sourcecode.swift; path = LecturesResponseModel.swift; sourceTree = "<group>"; };
		1330556E2A4343DD00F8240D /* LecturesService.swift */ = {isa = PBXFileReference; lastKnownFileType = sourcecode.swift; path = LecturesService.swift; sourceTree = "<group>"; };
		133055842A44966400F8240D /* TimeTable copy-Info.plist */ = {isa = PBXFileReference; lastKnownFileType = text.plist.xml; name = "TimeTable copy-Info.plist"; path = "/Users/hyeon-eunbaeg/Desktop/TimeTable/TimeTable copy-Info.plist"; sourceTree = "<absolute>"; };
		133055882A44B30200F8240D /* WeekDayColumnTableView.swift */ = {isa = PBXFileReference; lastKnownFileType = sourcecode.swift; path = WeekDayColumnTableView.swift; sourceTree = "<group>"; };
		1330558A2A45297F00F8240D /* TimeScheduleCell.swift */ = {isa = PBXFileReference; lastKnownFileType = sourcecode.swift; path = TimeScheduleCell.swift; sourceTree = "<group>"; };
		1330558C2A4533B100F8240D /* TimeTableUIPropertyValues.swift */ = {isa = PBXFileReference; lastKnownFileType = sourcecode.swift; path = TimeTableUIPropertyValues.swift; sourceTree = "<group>"; };
		1330558E2A45493F00F8240D /* TimeTableView.swift */ = {isa = PBXFileReference; lastKnownFileType = sourcecode.swift; path = TimeTableView.swift; sourceTree = "<group>"; };
		133055902A45577B00F8240D /* WeekDayColumnCell.swift */ = {isa = PBXFileReference; lastKnownFileType = sourcecode.swift; path = WeekDayColumnCell.swift; sourceTree = "<group>"; };
		133055922A45976D00F8240D /* TimeIndexTableView.swift */ = {isa = PBXFileReference; lastKnownFileType = sourcecode.swift; path = TimeIndexTableView.swift; sourceTree = "<group>"; };
		133055942A459BD300F8240D /* TimeIndexCellCollectionViewCell.swift */ = {isa = PBXFileReference; lastKnownFileType = sourcecode.swift; path = TimeIndexCellCollectionViewCell.swift; sourceTree = "<group>"; };
		133055962A459C0A00F8240D /* Extensions+UIView.swift */ = {isa = PBXFileReference; lastKnownFileType = sourcecode.swift; path = "Extensions+UIView.swift"; sourceTree = "<group>"; };
/* End PBXFileReference section */

/* Begin PBXFrameworksBuildPhase section */
		1330554A2A431CB900F8240D /* Frameworks */ = {
			isa = PBXFrameworksBuildPhase;
			buildActionMask = 2147483647;
			files = (
				133055662A4320E500F8240D /* Alamofire in Frameworks */,
			);
			runOnlyForDeploymentPostprocessing = 0;
		};
/* End PBXFrameworksBuildPhase section */

/* Begin PBXGroup section */
		133055442A431CB900F8240D = {
			isa = PBXGroup;
			children = (
				1330554F2A431CB900F8240D /* TimeTable */,
				1330554E2A431CB900F8240D /* Products */,
				133055842A44966400F8240D /* TimeTable copy-Info.plist */,
			);
			sourceTree = "<group>";
		};
		1330554E2A431CB900F8240D /* Products */ = {
			isa = PBXGroup;
			children = (
				1330554D2A431CB900F8240D /* TimeTable.app */,
			);
			name = Products;
			sourceTree = "<group>";
		};
		1330554F2A431CB900F8240D /* TimeTable */ = {
			isa = PBXGroup;
			children = (
				133055502A431CB900F8240D /* AppDelegate.swift */,
				133055522A431CB900F8240D /* SceneDelegate.swift */,
				133055542A431CB900F8240D /* ViewController.swift */,
				133055692A43280700F8240D /* APIServices */,
				133055852A44B2B700F8240D /* TimeTableConfigures */,
				133055592A431CBA00F8240D /* Assets.xcassets */,
				1330555B2A431CBA00F8240D /* LaunchScreen.storyboard */,
				1330555E2A431CBA00F8240D /* Info.plist */,
			);
			path = TimeTable;
			sourceTree = "<group>";
		};
		133055692A43280700F8240D /* APIServices */ = {
			isa = PBXGroup;
			children = (
				133055672A4325C300F8240D /* HTTPClient.swift */,
				1330556A2A43282900F8240D /* LecturesEndPoints.swift */,
				1330556E2A4343DD00F8240D /* LecturesService.swift */,
				1330556C2A4341CF00F8240D /* LecturesResponseModel.swift */,
			);
			path = APIServices;
			sourceTree = "<group>";
		};
		133055852A44B2B700F8240D /* TimeTableConfigures */ = {
			isa = PBXGroup;
			children = (
				133055962A459C0A00F8240D /* Extensions+UIView.swift */,
				1330558C2A4533B100F8240D /* TimeTableUIPropertyValues.swift */,
				1330558E2A45493F00F8240D /* TimeTableView.swift */,
				133055982A45A2EA00F8240D /* WeekViewCells */,
			);
			path = TimeTableConfigures;
			sourceTree = "<group>";
		};
		133055982A45A2EA00F8240D /* WeekViewCells */ = {
			isa = PBXGroup;
			children = (
				133055942A459BD300F8240D /* TimeIndexCellCollectionViewCell.swift */,
				133055902A45577B00F8240D /* WeekDayColumnCell.swift */,
				1330558A2A45297F00F8240D /* TimeScheduleCell.swift */,
				133055992A45A31300F8240D /* ColumViews */,
			);
			path = WeekViewCells;
			sourceTree = "<group>";
		};
		133055992A45A31300F8240D /* ColumViews */ = {
			isa = PBXGroup;
			children = (
				133055922A45976D00F8240D /* TimeIndexTableView.swift */,
				133055882A44B30200F8240D /* WeekDayColumnTableView.swift */,
			);
			path = ColumViews;
			sourceTree = "<group>";
		};
/* End PBXGroup section */

/* Begin PBXNativeTarget section */
		1330554C2A431CB900F8240D /* TimeTable */ = {
			isa = PBXNativeTarget;
			buildConfigurationList = 133055612A431CBA00F8240D /* Build configuration list for PBXNativeTarget "TimeTable" */;
			buildPhases = (
				133055492A431CB900F8240D /* Sources */,
				1330554A2A431CB900F8240D /* Frameworks */,
				1330554B2A431CB900F8240D /* Resources */,
			);
			buildRules = (
			);
			dependencies = (
			);
			name = TimeTable;
			packageProductDependencies = (
				133055652A4320E500F8240D /* Alamofire */,
			);
			productName = TimeTable;
			productReference = 1330554D2A431CB900F8240D /* TimeTable.app */;
			productType = "com.apple.product-type.application";
		};
/* End PBXNativeTarget section */

/* Begin PBXProject section */
		133055452A431CB900F8240D /* Project object */ = {
			isa = PBXProject;
			attributes = {
				BuildIndependentTargetsInParallel = 1;
				LastSwiftUpdateCheck = 1420;
				LastUpgradeCheck = 1420;
				TargetAttributes = {
					1330554C2A431CB900F8240D = {
						CreatedOnToolsVersion = 14.2;
					};
				};
			};
			buildConfigurationList = 133055482A431CB900F8240D /* Build configuration list for PBXProject "TimeTable" */;
			compatibilityVersion = "Xcode 14.0";
			developmentRegion = en;
			hasScannedForEncodings = 0;
			knownRegions = (
				en,
				Base,
			);
			mainGroup = 133055442A431CB900F8240D;
			packageReferences = (
				133055642A4320E500F8240D /* XCRemoteSwiftPackageReference "Alamofire" */,
			);
			productRefGroup = 1330554E2A431CB900F8240D /* Products */;
			projectDirPath = "";
			projectRoot = "";
			targets = (
				1330554C2A431CB900F8240D /* TimeTable */,
			);
		};
/* End PBXProject section */

/* Begin PBXResourcesBuildPhase section */
		1330554B2A431CB900F8240D /* Resources */ = {
			isa = PBXResourcesBuildPhase;
			buildActionMask = 2147483647;
			files = (
				1330555D2A431CBA00F8240D /* LaunchScreen.storyboard in Resources */,
				1330555A2A431CBA00F8240D /* Assets.xcassets in Resources */,
			);
			runOnlyForDeploymentPostprocessing = 0;
		};
/* End PBXResourcesBuildPhase section */

/* Begin PBXSourcesBuildPhase section */
		133055492A431CB900F8240D /* Sources */ = {
			isa = PBXSourcesBuildPhase;
			buildActionMask = 2147483647;
			files = (
				133055952A459BD300F8240D /* TimeIndexCellCollectionViewCell.swift in Sources */,
				133055552A431CB900F8240D /* ViewController.swift in Sources */,
				1330556F2A4343DD00F8240D /* LecturesService.swift in Sources */,
				133055932A45976D00F8240D /* TimeIndexTableView.swift in Sources */,
				133055892A44B30200F8240D /* WeekDayColumnTableView.swift in Sources */,
				1330558B2A45297F00F8240D /* TimeScheduleCell.swift in Sources */,
				1330556D2A4341CF00F8240D /* LecturesResponseModel.swift in Sources */,
				133055512A431CB900F8240D /* AppDelegate.swift in Sources */,
				133055912A45577B00F8240D /* WeekDayColumnCell.swift in Sources */,
				133055682A4325C300F8240D /* HTTPClient.swift in Sources */,
				1330558F2A45493F00F8240D /* TimeTableView.swift in Sources */,
				133055532A431CB900F8240D /* SceneDelegate.swift in Sources */,
				1330556B2A43282900F8240D /* LecturesEndPoints.swift in Sources */,
				1330558D2A4533B100F8240D /* TimeTableUIPropertyValues.swift in Sources */,
				133055972A459C0A00F8240D /* Extensions+UIView.swift in Sources */,
			);
			runOnlyForDeploymentPostprocessing = 0;
		};
/* End PBXSourcesBuildPhase section */

/* Begin PBXVariantGroup section */
		1330555B2A431CBA00F8240D /* LaunchScreen.storyboard */ = {
			isa = PBXVariantGroup;
			children = (
				1330555C2A431CBA00F8240D /* Base */,
			);
			name = LaunchScreen.storyboard;
			sourceTree = "<group>";
		};
/* End PBXVariantGroup section */

/* Begin XCBuildConfiguration section */
		1330555F2A431CBA00F8240D /* Debug */ = {
			isa = XCBuildConfiguration;
			buildSettings = {
				ALWAYS_SEARCH_USER_PATHS = NO;
				CLANG_ANALYZER_NONNULL = YES;
				CLANG_ANALYZER_NUMBER_OBJECT_CONVERSION = YES_AGGRESSIVE;
				CLANG_CXX_LANGUAGE_STANDARD = "gnu++20";
				CLANG_ENABLE_MODULES = YES;
				CLANG_ENABLE_OBJC_ARC = YES;
				CLANG_ENABLE_OBJC_WEAK = YES;
				CLANG_WARN_BLOCK_CAPTURE_AUTORELEASING = YES;
				CLANG_WARN_BOOL_CONVERSION = YES;
				CLANG_WARN_COMMA = YES;
				CLANG_WARN_CONSTANT_CONVERSION = YES;
				CLANG_WARN_DEPRECATED_OBJC_IMPLEMENTATIONS = YES;
				CLANG_WARN_DIRECT_OBJC_ISA_USAGE = YES_ERROR;
				CLANG_WARN_DOCUMENTATION_COMMENTS = YES;
				CLANG_WARN_EMPTY_BODY = YES;
				CLANG_WARN_ENUM_CONVERSION = YES;
				CLANG_WARN_INFINITE_RECURSION = YES;
				CLANG_WARN_INT_CONVERSION = YES;
				CLANG_WARN_NON_LITERAL_NULL_CONVERSION = YES;
				CLANG_WARN_OBJC_IMPLICIT_RETAIN_SELF = YES;
				CLANG_WARN_OBJC_LITERAL_CONVERSION = YES;
				CLANG_WARN_OBJC_ROOT_CLASS = YES_ERROR;
				CLANG_WARN_QUOTED_INCLUDE_IN_FRAMEWORK_HEADER = YES;
				CLANG_WARN_RANGE_LOOP_ANALYSIS = YES;
				CLANG_WARN_STRICT_PROTOTYPES = YES;
				CLANG_WARN_SUSPICIOUS_MOVE = YES;
				CLANG_WARN_UNGUARDED_AVAILABILITY = YES_AGGRESSIVE;
				CLANG_WARN_UNREACHABLE_CODE = YES;
				CLANG_WARN__DUPLICATE_METHOD_MATCH = YES;
				COPY_PHASE_STRIP = NO;
				DEBUG_INFORMATION_FORMAT = dwarf;
				ENABLE_STRICT_OBJC_MSGSEND = YES;
				ENABLE_TESTABILITY = YES;
				GCC_C_LANGUAGE_STANDARD = gnu11;
				GCC_DYNAMIC_NO_PIC = NO;
				GCC_NO_COMMON_BLOCKS = YES;
				GCC_OPTIMIZATION_LEVEL = 0;
				GCC_PREPROCESSOR_DEFINITIONS = (
					"DEBUG=1",
					"$(inherited)",
				);
				GCC_WARN_64_TO_32_BIT_CONVERSION = YES;
				GCC_WARN_ABOUT_RETURN_TYPE = YES_ERROR;
				GCC_WARN_UNDECLARED_SELECTOR = YES;
				GCC_WARN_UNINITIALIZED_AUTOS = YES_AGGRESSIVE;
				GCC_WARN_UNUSED_FUNCTION = YES;
				GCC_WARN_UNUSED_VARIABLE = YES;
				IPHONEOS_DEPLOYMENT_TARGET = 16.2;
				MTL_ENABLE_DEBUG_INFO = INCLUDE_SOURCE;
				MTL_FAST_MATH = YES;
				ONLY_ACTIVE_ARCH = YES;
				SDKROOT = iphoneos;
				SWIFT_ACTIVE_COMPILATION_CONDITIONS = DEBUG;
				SWIFT_OPTIMIZATION_LEVEL = "-Onone";
			};
			name = Debug;
		};
		133055602A431CBA00F8240D /* Release */ = {
			isa = XCBuildConfiguration;
			buildSettings = {
				ALWAYS_SEARCH_USER_PATHS = NO;
				CLANG_ANALYZER_NONNULL = YES;
				CLANG_ANALYZER_NUMBER_OBJECT_CONVERSION = YES_AGGRESSIVE;
				CLANG_CXX_LANGUAGE_STANDARD = "gnu++20";
				CLANG_ENABLE_MODULES = YES;
				CLANG_ENABLE_OBJC_ARC = YES;
				CLANG_ENABLE_OBJC_WEAK = YES;
				CLANG_WARN_BLOCK_CAPTURE_AUTORELEASING = YES;
				CLANG_WARN_BOOL_CONVERSION = YES;
				CLANG_WARN_COMMA = YES;
				CLANG_WARN_CONSTANT_CONVERSION = YES;
				CLANG_WARN_DEPRECATED_OBJC_IMPLEMENTATIONS = YES;
				CLANG_WARN_DIRECT_OBJC_ISA_USAGE = YES_ERROR;
				CLANG_WARN_DOCUMENTATION_COMMENTS = YES;
				CLANG_WARN_EMPTY_BODY = YES;
				CLANG_WARN_ENUM_CONVERSION = YES;
				CLANG_WARN_INFINITE_RECURSION = YES;
				CLANG_WARN_INT_CONVERSION = YES;
				CLANG_WARN_NON_LITERAL_NULL_CONVERSION = YES;
				CLANG_WARN_OBJC_IMPLICIT_RETAIN_SELF = YES;
				CLANG_WARN_OBJC_LITERAL_CONVERSION = YES;
				CLANG_WARN_OBJC_ROOT_CLASS = YES_ERROR;
				CLANG_WARN_QUOTED_INCLUDE_IN_FRAMEWORK_HEADER = YES;
				CLANG_WARN_RANGE_LOOP_ANALYSIS = YES;
				CLANG_WARN_STRICT_PROTOTYPES = YES;
				CLANG_WARN_SUSPICIOUS_MOVE = YES;
				CLANG_WARN_UNGUARDED_AVAILABILITY = YES_AGGRESSIVE;
				CLANG_WARN_UNREACHABLE_CODE = YES;
				CLANG_WARN__DUPLICATE_METHOD_MATCH = YES;
				COPY_PHASE_STRIP = NO;
				DEBUG_INFORMATION_FORMAT = "dwarf-with-dsym";
				ENABLE_NS_ASSERTIONS = NO;
				ENABLE_STRICT_OBJC_MSGSEND = YES;
				GCC_C_LANGUAGE_STANDARD = gnu11;
				GCC_NO_COMMON_BLOCKS = YES;
				GCC_WARN_64_TO_32_BIT_CONVERSION = YES;
				GCC_WARN_ABOUT_RETURN_TYPE = YES_ERROR;
				GCC_WARN_UNDECLARED_SELECTOR = YES;
				GCC_WARN_UNINITIALIZED_AUTOS = YES_AGGRESSIVE;
				GCC_WARN_UNUSED_FUNCTION = YES;
				GCC_WARN_UNUSED_VARIABLE = YES;
				IPHONEOS_DEPLOYMENT_TARGET = 16.2;
				MTL_ENABLE_DEBUG_INFO = NO;
				MTL_FAST_MATH = YES;
				SDKROOT = iphoneos;
				SWIFT_COMPILATION_MODE = wholemodule;
				SWIFT_OPTIMIZATION_LEVEL = "-O";
				VALIDATE_PRODUCT = YES;
			};
			name = Release;
		};
		133055622A431CBA00F8240D /* Debug */ = {
			isa = XCBuildConfiguration;
			buildSettings = {
				ASSETCATALOG_COMPILER_APPICON_NAME = AppIcon;
				ASSETCATALOG_COMPILER_GLOBAL_ACCENT_COLOR_NAME = AccentColor;
				CODE_SIGN_STYLE = Automatic;
				CURRENT_PROJECT_VERSION = 1;
				DEVELOPMENT_TEAM = 3F6RB5JZKP;
				GENERATE_INFOPLIST_FILE = YES;
				INFOPLIST_FILE = TimeTable/Info.plist;
				INFOPLIST_KEY_UIApplicationSupportsIndirectInputEvents = YES;
				INFOPLIST_KEY_UILaunchStoryboardName = LaunchScreen;
				INFOPLIST_KEY_UISupportedInterfaceOrientations_iPad = "UIInterfaceOrientationPortrait UIInterfaceOrientationPortraitUpsideDown UIInterfaceOrientationLandscapeLeft UIInterfaceOrientationLandscapeRight";
				INFOPLIST_KEY_UISupportedInterfaceOrientations_iPhone = "UIInterfaceOrientationPortrait UIInterfaceOrientationLandscapeLeft UIInterfaceOrientationLandscapeRight";
				LD_RUNPATH_SEARCH_PATHS = (
					"$(inherited)",
					"@executable_path/Frameworks",
				);
				MARKETING_VERSION = 1.0;
				PRODUCT_BUNDLE_IDENTIFIER = com.hebaek.TimeTable;
				PRODUCT_NAME = "$(TARGET_NAME)";
				SWIFT_EMIT_LOC_STRINGS = YES;
				SWIFT_VERSION = 5.0;
				TARGETED_DEVICE_FAMILY = "1,2";
			};
			name = Debug;
		};
		133055632A431CBA00F8240D /* Release */ = {
			isa = XCBuildConfiguration;
			buildSettings = {
				ASSETCATALOG_COMPILER_APPICON_NAME = AppIcon;
				ASSETCATALOG_COMPILER_GLOBAL_ACCENT_COLOR_NAME = AccentColor;
				CODE_SIGN_STYLE = Automatic;
				CURRENT_PROJECT_VERSION = 1;
				DEVELOPMENT_TEAM = 3F6RB5JZKP;
				GENERATE_INFOPLIST_FILE = YES;
				INFOPLIST_FILE = TimeTable/Info.plist;
				INFOPLIST_KEY_UIApplicationSupportsIndirectInputEvents = YES;
				INFOPLIST_KEY_UILaunchStoryboardName = LaunchScreen;
				INFOPLIST_KEY_UISupportedInterfaceOrientations_iPad = "UIInterfaceOrientationPortrait UIInterfaceOrientationPortraitUpsideDown UIInterfaceOrientationLandscapeLeft UIInterfaceOrientationLandscapeRight";
				INFOPLIST_KEY_UISupportedInterfaceOrientations_iPhone = "UIInterfaceOrientationPortrait UIInterfaceOrientationLandscapeLeft UIInterfaceOrientationLandscapeRight";
				LD_RUNPATH_SEARCH_PATHS = (
					"$(inherited)",
					"@executable_path/Frameworks",
				);
				MARKETING_VERSION = 1.0;
				PRODUCT_BUNDLE_IDENTIFIER = com.hebaek.TimeTable;
				PRODUCT_NAME = "$(TARGET_NAME)";
				SWIFT_EMIT_LOC_STRINGS = YES;
				SWIFT_VERSION = 5.0;
				TARGETED_DEVICE_FAMILY = "1,2";
			};
			name = Release;
		};
/* End XCBuildConfiguration section */

/* Begin XCConfigurationList section */
		133055482A431CB900F8240D /* Build configuration list for PBXProject "TimeTable" */ = {
			isa = XCConfigurationList;
			buildConfigurations = (
				1330555F2A431CBA00F8240D /* Debug */,
				133055602A431CBA00F8240D /* Release */,
			);
			defaultConfigurationIsVisible = 0;
			defaultConfigurationName = Release;
		};
		133055612A431CBA00F8240D /* Build configuration list for PBXNativeTarget "TimeTable" */ = {
			isa = XCConfigurationList;
			buildConfigurations = (
				133055622A431CBA00F8240D /* Debug */,
				133055632A431CBA00F8240D /* Release */,
			);
			defaultConfigurationIsVisible = 0;
			defaultConfigurationName = Release;
		};
/* End XCConfigurationList section */

/* Begin XCRemoteSwiftPackageReference section */
		133055642A4320E500F8240D /* XCRemoteSwiftPackageReference "Alamofire" */ = {
			isa = XCRemoteSwiftPackageReference;
			repositoryURL = "https://github.com/Alamofire/Alamofire";
			requirement = {
				kind = upToNextMajorVersion;
				minimumVersion = 5.0.0;
			};
		};
/* End XCRemoteSwiftPackageReference section */

/* Begin XCSwiftPackageProductDependency section */
		133055652A4320E500F8240D /* Alamofire */ = {
			isa = XCSwiftPackageProductDependency;
			package = 133055642A4320E500F8240D /* XCRemoteSwiftPackageReference "Alamofire" */;
			productName = Alamofire;
		};
/* End XCSwiftPackageProductDependency section */
	};
	rootObject = 133055452A431CB900F8240D /* Project object */;
}
